
Microsoft Visual Studio Solution File, Format Version 12.00
# Visual Studio Version 17
VisualStudioVersion = 17.0.31903.59
MinimumVisualStudioVersion = 10.0.40219.1
Project("{8BC9CEB8-8B4A-11D0-8D11-00A0C91BC942}") = "jalium.native.core", "jalium.native.core\jalium.native.core.vcxproj", "{A1B2C3D4-1234-5678-9ABC-DEF012345678}"
EndProject
Project("{8BC9CEB8-8B4A-11D0-8D11-00A0C91BC942}") = "jalium.native.d3d12", "jalium.native.d3d12\jalium.native.d3d12.vcxproj", "{B2C3D4E5-2345-6789-ABCD-EF0123456789}"
EndProject
Project("{8BC9CEB8-8B4A-11D0-8D11-00A0C91BC942}") = "jalium.native.vulkan", "jalium.native.vulkan\jalium.native.vulkan.vcxproj", "{D4E5F6A7-4567-89AB-CDEF-0123456789AB}"
EndProject
Project("{8BC9CEB8-8B4A-11D0-8D11-00A0C91BC942}") = "jalium.native.metal", "jalium.native.metal\jalium.native.metal.vcxproj", "{E5F6A7B8-5678-9ABC-DEF0-123456789ABC}"
EndProject
Project("{8BC9CEB8-8B4A-11D0-8D11-00A0C91BC942}") = "jalium.native.browser", "jalium.native.browser\jalium.native.browser.vcxproj", "{C3D4E5F6-3456-789A-BCDE-F0123456789A}"
EndProject
Project("{8BC9CEB8-8B4A-11D0-8D11-00A0C91BC942}") = "jalium.native.core.static", "jalium.native.core\jalium.native.core.static.vcxproj", "{42D22534-5A36-41D5-A4D4-C7E2171C90C0}"
EndProject
Project("{8BC9CEB8-8B4A-11D0-8D11-00A0C91BC942}") = "jalium.native.d3d12.static", "jalium.native.d3d12\jalium.native.d3d12.static.vcxproj", "{3FEFEAAB-211A-4E64-B314-7E5B4F3A1AA4}"
EndProject
Project("{8BC9CEB8-8B4A-11D0-8D11-00A0C91BC942}") = "jalium.native.browser.static", "jalium.native.browser\jalium.native.browser.static.vcxproj", "{A6DF12F8-7AB8-4A95-B0A4-F8858EDB501A}"
EndProject
Project("{8BC9CEB8-8B4A-11D0-8D11-00A0C91BC942}") = "jalium.native.vulkan.static", "jalium.native.vulkan\jalium.native.vulkan.static.vcxproj", "{7A1B0C2D-8A9D-4F31-9C8B-2D5E6F7A8B91}"
EndProject
Project("{8BC9CEB8-8B4A-11D0-8D11-00A0C91BC942}") = "jalium.native.software.static", "jalium.native.software\jalium.native.software.static.vcxproj", "{8B2C1D3E-9BAE-4042-AD9C-3E6F708192A2}"
EndProject
Project("{8BC9CEB8-8B4A-11D0-8D11-00A0C91BC942}") = "jalium.native.aot.static", "jalium.native.aot\jalium.native.aot.static.vcxproj", "{9C3D4E5F-AC1F-4153-BE0E-4F708192B3C3}"
EndProject
Project("{8BC9CEB8-8B4A-11D0-8D11-00A0C91BC942}") = "jalium.native.platform", "jalium.native.platform\jalium.native.platform.vcxproj", "{F1A2B3C4-D5E6-4071-8293-A4B5C6D7E8F9}"
EndProject
Project("{8BC9CEB8-8B4A-11D0-8D11-00A0C91BC942}") = "jalium.native.platform.static", "jalium.native.platform\jalium.native.platform.static.vcxproj", "{2C3D4E5F-6071-4283-94A5-B6C7D8E9F0A1}"
EndProject
Project("{8BC9CEB8-8B4A-11D0-8D11-00A0C91BC942}") = "jalium.native.media.core", "jalium.native.media.core\jalium.native.media.core.vcxproj", "{C5D6E7F8-1234-4567-8901-23456789ABCD}"
EndProject
Project("{8BC9CEB8-8B4A-11D0-8D11-00A0C91BC942}") = "jalium.native.media.windows", "jalium.native.media.windows\jalium.native.media.windows.vcxproj", "{D6E7F8A9-2345-5678-9012-3456789ABCDE}"
EndProject
Project("{8BC9CEB8-8B4A-11D0-8D11-00A0C91BC942}") = "jalium.native.media.core.static", "jalium.native.media.core\jalium.native.media.core.static.vcxproj", "{E7F8A9B0-3456-6789-0123-456789ABCDEF}"
EndProject
Project("{8BC9CEB8-8B4A-11D0-8D11-00A0C91BC942}") = "jalium.native.media.windows.static", "jalium.native.media.windows\jalium.native.media.windows.static.vcxproj", "{F8A9B0C1-4567-7890-1234-56789ABCDEF0}"
EndProject
Global
	GlobalSection(SolutionConfigurationPlatforms) = preSolution
		Debug|x64 = Debug|x64
		Release|x64 = Release|x64
	EndGlobalSection
	GlobalSection(ProjectConfigurationPlatforms) = postSolution
		{A1B2C3D4-1234-5678-9ABC-DEF012345678}.Debug|x64.ActiveCfg = Debug|x64
		{A1B2C3D4-1234-5678-9ABC-DEF012345678}.Debug|x64.Build.0 = Debug|x64
		{A1B2C3D4-1234-5678-9ABC-DEF012345678}.Release|x64.ActiveCfg = Release|x64
		{A1B2C3D4-1234-5678-9ABC-DEF012345678}.Release|x64.Build.0 = Release|x64
		{B2C3D4E5-2345-6789-ABCD-EF0123456789}.Debug|x64.ActiveCfg = Debug|x64
		{B2C3D4E5-2345-6789-ABCD-EF0123456789}.Debug|x64.Build.0 = Debug|x64
		{B2C3D4E5-2345-6789-ABCD-EF0123456789}.Release|x64.ActiveCfg = Release|x64
		{B2C3D4E5-2345-6789-ABCD-EF0123456789}.Release|x64.Build.0 = Release|x64
		{D4E5F6A7-4567-89AB-CDEF-0123456789AB}.Debug|x64.ActiveCfg = Debug|x64
		{D4E5F6A7-4567-89AB-CDEF-0123456789AB}.Debug|x64.Build.0 = Debug|x64
		{D4E5F6A7-4567-89AB-CDEF-0123456789AB}.Release|x64.ActiveCfg = Release|x64
		{D4E5F6A7-4567-89AB-CDEF-0123456789AB}.Release|x64.Build.0 = Release|x64
		{E5F6A7B8-5678-9ABC-DEF0-123456789ABC}.Debug|x64.ActiveCfg = Debug|x64
		{E5F6A7B8-5678-9ABC-DEF0-123456789ABC}.Release|x64.ActiveCfg = Release|x64
		{C3D4E5F6-3456-789A-BCDE-F0123456789A}.Debug|x64.ActiveCfg = Debug|x64
		{C3D4E5F6-3456-789A-BCDE-F0123456789A}.Debug|x64.Build.0 = Debug|x64
		{C3D4E5F6-3456-789A-BCDE-F0123456789A}.Release|x64.ActiveCfg = Release|x64
		{C3D4E5F6-3456-789A-BCDE-F0123456789A}.Release|x64.Build.0 = Release|x64
		{42D22534-5A36-41D5-A4D4-C7E2171C90C0}.Debug|x64.ActiveCfg = Debug|x64
		{42D22534-5A36-41D5-A4D4-C7E2171C90C0}.Debug|x64.Build.0 = Debug|x64
		{42D22534-5A36-41D5-A4D4-C7E2171C90C0}.Release|x64.ActiveCfg = Release|x64
		{42D22534-5A36-41D5-A4D4-C7E2171C90C0}.Release|x64.Build.0 = Release|x64
		{3FEFEAAB-211A-4E64-B314-7E5B4F3A1AA4}.Debug|x64.ActiveCfg = Debug|x64
		{3FEFEAAB-211A-4E64-B314-7E5B4F3A1AA4}.Debug|x64.Build.0 = Debug|x64
		{3FEFEAAB-211A-4E64-B314-7E5B4F3A1AA4}.Release|x64.ActiveCfg = Release|x64
		{3FEFEAAB-211A-4E64-B314-7E5B4F3A1AA4}.Release|x64.Build.0 = Release|x64
		{A6DF12F8-7AB8-4A95-B0A4-F8858EDB501A}.Debug|x64.ActiveCfg = Debug|x64
		{A6DF12F8-7AB8-4A95-B0A4-F8858EDB501A}.Debug|x64.Build.0 = Debug|x64
		{A6DF12F8-7AB8-4A95-B0A4-F8858EDB501A}.Release|x64.ActiveCfg = Release|x64
		{A6DF12F8-7AB8-4A95-B0A4-F8858EDB501A}.Release|x64.Build.0 = Release|x64
		{7A1B0C2D-8A9D-4F31-9C8B-2D5E6F7A8B91}.Debug|x64.ActiveCfg = Debug|x64
		{7A1B0C2D-8A9D-4F31-9C8B-2D5E6F7A8B91}.Debug|x64.Build.0 = Debug|x64
		{7A1B0C2D-8A9D-4F31-9C8B-2D5E6F7A8B91}.Release|x64.ActiveCfg = Release|x64
		{7A1B0C2D-8A9D-4F31-9C8B-2D5E6F7A8B91}.Release|x64.Build.0 = Release|x64
		{8B2C1D3E-9BAE-4042-AD9C-3E6F708192A2}.Debug|x64.ActiveCfg = Debug|x64
		{8B2C1D3E-9BAE-4042-AD9C-3E6F708192A2}.Debug|x64.Build.0 = Debug|x64
		{8B2C1D3E-9BAE-4042-AD9C-3E6F708192A2}.Release|x64.ActiveCfg = Release|x64
		{8B2C1D3E-9BAE-4042-AD9C-3E6F708192A2}.Release|x64.Build.0 = Release|x64
		{9C3D4E5F-AC1F-4153-BE0E-4F708192B3C3}.Debug|x64.ActiveCfg = Debug|x64
		{9C3D4E5F-AC1F-4153-BE0E-4F708192B3C3}.Debug|x64.Build.0 = Debug|x64
		{9C3D4E5F-AC1F-4153-BE0E-4F708192B3C3}.Release|x64.ActiveCfg = Release|x64
		{9C3D4E5F-AC1F-4153-BE0E-4F708192B3C3}.Release|x64.Build.0 = Release|x64
		{F1A2B3C4-D5E6-4071-8293-A4B5C6D7E8F9}.Debug|x64.ActiveCfg = Debug|x64
		{F1A2B3C4-D5E6-4071-8293-A4B5C6D7E8F9}.Debug|x64.Build.0 = Debug|x64
		{F1A2B3C4-D5E6-4071-8293-A4B5C6D7E8F9}.Release|x64.ActiveCfg = Release|x64
		{F1A2B3C4-D5E6-4071-8293-A4B5C6D7E8F9}.Release|x64.Build.0 = Release|x64
		{2C3D4E5F-6071-4283-94A5-B6C7D8E9F0A1}.Debug|x64.ActiveCfg = Debug|x64
		{2C3D4E5F-6071-4283-94A5-B6C7D8E9F0A1}.Debug|x64.Build.0 = Debug|x64
		{2C3D4E5F-6071-4283-94A5-B6C7D8E9F0A1}.Release|x64.ActiveCfg = Release|x64
		{2C3D4E5F-6071-4283-94A5-B6C7D8E9F0A1}.Release|x64.Build.0 = Release|x64
		{C5D6E7F8-1234-4567-8901-23456789ABCD}.Debug|x64.ActiveCfg = Debug|x64
		{C5D6E7F8-1234-4567-8901-23456789ABCD}.Debug|x64.Build.0 = Debug|x64
		{C5D6E7F8-1234-4567-8901-23456789ABCD}.Release|x64.ActiveCfg = Release|x64
		{C5D6E7F8-1234-4567-8901-23456789ABCD}.Release|x64.Build.0 = Release|x64
		{D6E7F8A9-2345-5678-9012-3456789ABCDE}.Debug|x64.ActiveCfg = Debug|x64
		{D6E7F8A9-2345-5678-9012-3456789ABCDE}.Debug|x64.Build.0 = Debug|x64
		{D6E7F8A9-2345-5678-9012-3456789ABCDE}.Release|x64.ActiveCfg = Release|x64
		{D6E7F8A9-2345-5678-9012-3456789ABCDE}.Release|x64.Build.0 = Release|x64
		{E7F8A9B0-3456-6789-0123-456789ABCDEF}.Debug|x64.ActiveCfg = Debug|x64
		{E7F8A9B0-3456-6789-0123-456789ABCDEF}.Debug|x64.Build.0 = Debug|x64
		{E7F8A9B0-3456-6789-0123-456789ABCDEF}.Release|x64.ActiveCfg = Release|x64
		{E7F8A9B0-3456-6789-0123-456789ABCDEF}.Release|x64.Build.0 = Release|x64
		{F8A9B0C1-4567-7890-1234-56789ABCDEF0}.Debug|x64.ActiveCfg = Debug|x64
		{F8A9B0C1-4567-7890-1234-56789ABCDEF0}.Debug|x64.Build.0 = Debug|x64
		{F8A9B0C1-4567-7890-1234-56789ABCDEF0}.Release|x64.ActiveCfg = Release|x64
		{F8A9B0C1-4567-7890-1234-56789ABCDEF0}.Release|x64.Build.0 = Release|x64
	EndGlobalSection
	GlobalSection(SolutionProperties) = preSolution
		HideSolutionNode = FALSE
	EndGlobalSection
EndGlobal
